
Microsoft Visual Studio Solution File, Format Version 12.00
# Visual Studio Version 17
VisualStudioVersion = 17.4.33403.182
MinimumVisualStudioVersion = 10.0.40219.1
Project("{FAE04EC0-301F-11D3-BF4B-00C04F79EFBC}") = "ListPattern", "ListPattern\ListPattern.csproj", "{8134E9C9-87AD-4D18-BEEC-EBA60F4E79B9}"
EndProject
Global
	GlobalSection(SolutionConfigurationPlatforms) = preSolution
		Debug|Any CPU = Debug|Any CPU
		Release|Any CPU = Release|Any CPU
	EndGlobalSection
	GlobalSection(ProjectConfigurationPlatforms) = postSolution
		{8134E9C9-87AD-4D18-BEEC-EBA60F4E79B9}.Debug|Any CPU.ActiveCfg = Debug|Any CPU
		{8134E9C9-87AD-4D18-BEEC-EBA60F4E79B9}.Debug|Any CPU.Build.0 = Debug|Any CPU
		{8134E9C9-87AD-4D18-BEEC-EBA60F4E79B9}.Release|Any CPU.ActiveCfg = Release|Any CPU
		{8134E9C9-87AD-4D18-BEEC-EBA60F4E79B9}.Release|Any CPU.Build.0 = Release|Any CPU
	EndGlobalSection
	GlobalSection(SolutionProperties) = preSolution
		HideSolutionNode = FALSE
	EndGlobalSection
	GlobalSection(ExtensibilityGlobals) = postSolution
		SolutionGuid = {94F768EF-968C-426B-8038-A9C97C92E551}
	EndGlobalSection
EndGlobal
